
Microsoft Visual Studio Solution File, Format Version 12.00
# Visual Studio 15
VisualStudioVersion = 15.0.28307.168
MinimumVisualStudioVersion = 10.0.40219.1
Project("{FAE04EC0-301F-11D3-BF4B-00C04F79EFBC}") = "FirstWebApi", "FirstWebApi\FirstWebApi.csproj", "{A5D342F8-23AF-48FC-89C8-45B3C0385670}"
EndProject
Global
	GlobalSection(SolutionConfigurationPlatforms) = preSolution
		Debug|Any CPU = Debug|Any CPU
		Release|Any CPU = Release|Any CPU
	EndGlobalSection
	GlobalSection(ProjectConfigurationPlatforms) = postSolution
		{A5D342F8-23AF-48FC-89C8-45B3C0385670}.Debug|Any CPU.ActiveCfg = Debug|Any CPU
		{A5D342F8-23AF-48FC-89C8-45B3C0385670}.Debug|Any CPU.Build.0 = Debug|Any CPU
		{A5D342F8-23AF-48FC-89C8-45B3C0385670}.Release|Any CPU.ActiveCfg = Release|Any CPU
		{A5D342F8-23AF-48FC-89C8-45B3C0385670}.Release|Any CPU.Build.0 = Release|Any CPU
	EndGlobalSection
	GlobalSection(SolutionProperties) = preSolution
		HideSolutionNode = FALSE
	EndGlobalSection
	GlobalSection(ExtensibilityGlobals) = postSolution
		SolutionGuid = {4B92C454-49C5-4F26-9E14-BF57A06668FE}
	EndGlobalSection
EndGlobal
